// !$*UTF8*$!
{
	archiveVersion = 1;
	classes = {
	};
	objectVersion = 50;
	objects = {

/* Begin PBXBuildFile section */
		AC6C3780231CE831003F583E /* SF-Pro-Text-Bold.otf in Resources */ = {isa = PBXBuildFile; fileRef = AC6C377E231CE831003F583E /* SF-Pro-Text-Bold.otf */; };
		AC6C3781231CE831003F583E /* SF-Pro-Text-Regular.otf in Resources */ = {isa = PBXBuildFile; fileRef = AC6C377F231CE831003F583E /* SF-Pro-Text-Regular.otf */; };
		AC73EC7B23159C28006783C0 /* AppDelegate.swift in Sources */ = {isa = PBXBuildFile; fileRef = AC73EC7A23159C28006783C0 /* AppDelegate.swift */; };
		AC73EC8023159C28006783C0 /* Main.storyboard in Resources */ = {isa = PBXBuildFile; fileRef = AC73EC7E23159C28006783C0 /* Main.storyboard */; };
		AC73EC8323159C28006783C0 /* Prognozist.xcdatamodeld in Sources */ = {isa = PBXBuildFile; fileRef = AC73EC8123159C28006783C0 /* Prognozist.xcdatamodeld */; };
		AC73EC8523159C2A006783C0 /* Assets.xcassets in Resources */ = {isa = PBXBuildFile; fileRef = AC73EC8423159C2A006783C0 /* Assets.xcassets */; };
		AC73EC8823159C2A006783C0 /* LaunchScreen.storyboard in Resources */ = {isa = PBXBuildFile; fileRef = AC73EC8623159C2A006783C0 /* LaunchScreen.storyboard */; };
		AC73EC9123159F84006783C0 /* MainVC.swift in Sources */ = {isa = PBXBuildFile; fileRef = AC73EC9023159F84006783C0 /* MainVC.swift */; };
		AC73EC9323159FD3006783C0 /* MainTableViewDelegate.swift in Sources */ = {isa = PBXBuildFile; fileRef = AC73EC9223159FD3006783C0 /* MainTableViewDelegate.swift */; };
		AC73EC952315A099006783C0 /* DailyForecastCell.swift in Sources */ = {isa = PBXBuildFile; fileRef = AC73EC942315A099006783C0 /* DailyForecastCell.swift */; };
		AC73EC992315A150006783C0 /* Colors.swift in Sources */ = {isa = PBXBuildFile; fileRef = AC73EC982315A150006783C0 /* Colors.swift */; };
		AC73EC9D2315A660006783C0 /* MainModel.swift in Sources */ = {isa = PBXBuildFile; fileRef = AC73EC9C2315A660006783C0 /* MainModel.swift */; };
		AC73ECA12315A77D006783C0 /* Forecast.swift in Sources */ = {isa = PBXBuildFile; fileRef = AC73ECA02315A77D006783C0 /* Forecast.swift */; };
		AC73ECA32315A8A3006783C0 /* ForecastService.swift in Sources */ = {isa = PBXBuildFile; fileRef = AC73ECA22315A8A3006783C0 /* ForecastService.swift */; };
		AC73ECA52315AC55006783C0 /* ForecastTimes.swift in Sources */ = {isa = PBXBuildFile; fileRef = AC73ECA42315AC55006783C0 /* ForecastTimes.swift */; };
		ACDC97E1231C511800E80ACA /* Forecast.storyboard in Resources */ = {isa = PBXBuildFile; fileRef = ACDC97E0231C511800E80ACA /* Forecast.storyboard */; };
		ACDC97E6231C59CC00E80ACA /* ForecastVC.swift in Sources */ = {isa = PBXBuildFile; fileRef = ACDC97E5231C59CC00E80ACA /* ForecastVC.swift */; };
		ACDC97E8231C722900E80ACA /* NotificationNames.swift in Sources */ = {isa = PBXBuildFile; fileRef = ACDC97E7231C722900E80ACA /* NotificationNames.swift */; };
/* End PBXBuildFile section */

/* Begin PBXFileReference section */
		AC6C377E231CE831003F583E /* SF-Pro-Text-Bold.otf */ = {isa = PBXFileReference; lastKnownFileType = file; path = "SF-Pro-Text-Bold.otf"; sourceTree = "<group>"; };
		AC6C377F231CE831003F583E /* SF-Pro-Text-Regular.otf */ = {isa = PBXFileReference; lastKnownFileType = file; path = "SF-Pro-Text-Regular.otf"; sourceTree = "<group>"; };
		AC73EC7723159C28006783C0 /* Prognozist.app */ = {isa = PBXFileReference; explicitFileType = wrapper.application; includeInIndex = 0; path = Prognozist.app; sourceTree = BUILT_PRODUCTS_DIR; };
		AC73EC7A23159C28006783C0 /* AppDelegate.swift */ = {isa = PBXFileReference; lastKnownFileType = sourcecode.swift; path = AppDelegate.swift; sourceTree = "<group>"; };
		AC73EC7F23159C28006783C0 /* Base */ = {isa = PBXFileReference; lastKnownFileType = file.storyboard; name = Base; path = Base.lproj/Main.storyboard; sourceTree = "<group>"; };
		AC73EC8223159C28006783C0 /* Prognozist.xcdatamodel */ = {isa = PBXFileReference; lastKnownFileType = wrapper.xcdatamodel; path = Prognozist.xcdatamodel; sourceTree = "<group>"; };
		AC73EC8423159C2A006783C0 /* Assets.xcassets */ = {isa = PBXFileReference; lastKnownFileType = folder.assetcatalog; path = Assets.xcassets; sourceTree = "<group>"; };
		AC73EC8723159C2A006783C0 /* Base */ = {isa = PBXFileReference; lastKnownFileType = file.storyboard; name = Base; path = Base.lproj/LaunchScreen.storyboard; sourceTree = "<group>"; };
		AC73EC8923159C2A006783C0 /* Info.plist */ = {isa = PBXFileReference; lastKnownFileType = text.plist.xml; path = Info.plist; sourceTree = "<group>"; };
		AC73EC9023159F84006783C0 /* MainVC.swift */ = {isa = PBXFileReference; lastKnownFileType = sourcecode.swift; path = MainVC.swift; sourceTree = "<group>"; };
		AC73EC9223159FD3006783C0 /* MainTableViewDelegate.swift */ = {isa = PBXFileReference; lastKnownFileType = sourcecode.swift; path = MainTableViewDelegate.swift; sourceTree = "<group>"; };
		AC73EC942315A099006783C0 /* DailyForecastCell.swift */ = {isa = PBXFileReference; lastKnownFileType = sourcecode.swift; path = DailyForecastCell.swift; sourceTree = "<group>"; };
		AC73EC982315A150006783C0 /* Colors.swift */ = {isa = PBXFileReference; lastKnownFileType = sourcecode.swift; path = Colors.swift; sourceTree = "<group>"; };
		AC73EC9C2315A660006783C0 /* MainModel.swift */ = {isa = PBXFileReference; lastKnownFileType = sourcecode.swift; path = MainModel.swift; sourceTree = "<group>"; };
		AC73ECA02315A77D006783C0 /* Forecast.swift */ = {isa = PBXFileReference; lastKnownFileType = sourcecode.swift; path = Forecast.swift; sourceTree = "<group>"; };
		AC73ECA22315A8A3006783C0 /* ForecastService.swift */ = {isa = PBXFileReference; lastKnownFileType = sourcecode.swift; path = ForecastService.swift; sourceTree = "<group>"; };
		AC73ECA42315AC55006783C0 /* ForecastTimes.swift */ = {isa = PBXFileReference; lastKnownFileType = sourcecode.swift; path = ForecastTimes.swift; sourceTree = "<group>"; };
		ACDC97E0231C511800E80ACA /* Forecast.storyboard */ = {isa = PBXFileReference; lastKnownFileType = file.storyboard; path = Forecast.storyboard; sourceTree = "<group>"; };
		ACDC97E5231C59CC00E80ACA /* ForecastVC.swift */ = {isa = PBXFileReference; lastKnownFileType = sourcecode.swift; path = ForecastVC.swift; sourceTree = "<group>"; };
		ACDC97E7231C722900E80ACA /* NotificationNames.swift */ = {isa = PBXFileReference; lastKnownFileType = sourcecode.swift; path = NotificationNames.swift; sourceTree = "<group>"; };
/* End PBXFileReference section */

/* Begin PBXFrameworksBuildPhase section */
		AC73EC7423159C28006783C0 /* Frameworks */ = {
			isa = PBXFrameworksBuildPhase;
			buildActionMask = 2147483647;
			files = (
			);
			runOnlyForDeploymentPostprocessing = 0;
		};
/* End PBXFrameworksBuildPhase section */

/* Begin PBXGroup section */
		AC6C377D231CE80D003F583E /* Шрифты */ = {
			isa = PBXGroup;
			children = (
				AC6C377E231CE831003F583E /* SF-Pro-Text-Bold.otf */,
				AC6C377F231CE831003F583E /* SF-Pro-Text-Regular.otf */,
			);
			path = "Шрифты";
			sourceTree = "<group>";
		};
		AC73EC6E23159C28006783C0 = {
			isa = PBXGroup;
			children = (
				AC73EC7923159C28006783C0 /* Prognozist */,
				AC73EC7823159C28006783C0 /* Products */,
			);
			sourceTree = "<group>";
		};
		AC73EC7823159C28006783C0 /* Products */ = {
			isa = PBXGroup;
			children = (
				AC73EC7723159C28006783C0 /* Prognozist.app */,
			);
			name = Products;
			sourceTree = "<group>";
		};
		AC73EC7923159C28006783C0 /* Prognozist */ = {
			isa = PBXGroup;
			children = (
				AC73EC972315A13E006783C0 /* GlobalEntities */,
				AC73EC8F23159F67006783C0 /* Main */,
				ACDC97E2231C599A00E80ACA /* ForecastVC */,
				AC73EC962315A122006783C0 /* Supporting Files */,
				AC73EC8923159C2A006783C0 /* Info.plist */,
				AC73EC8123159C28006783C0 /* Prognozist.xcdatamodeld */,
			);
			path = Prognozist;
			sourceTree = "<group>";
		};
		AC73EC8F23159F67006783C0 /* Main */ = {
			isa = PBXGroup;
			children = (
				AC73EC9A2315A63F006783C0 /* View+Controller */,
				AC73EC9B2315A651006783C0 /* Model */,
			);
			path = Main;
			sourceTree = "<group>";
		};
		AC73EC962315A122006783C0 /* Supporting Files */ = {
			isa = PBXGroup;
			children = (
				AC6C377D231CE80D003F583E /* Шрифты */,
				AC73EC7A23159C28006783C0 /* AppDelegate.swift */,
				AC73EC7E23159C28006783C0 /* Main.storyboard */,
				ACDC97E0231C511800E80ACA /* Forecast.storyboard */,
				AC73EC8423159C2A006783C0 /* Assets.xcassets */,
				AC73EC8623159C2A006783C0 /* LaunchScreen.storyboard */,
			);
			path = "Supporting Files";
			sourceTree = "<group>";
		};
		AC73EC972315A13E006783C0 /* GlobalEntities */ = {
			isa = PBXGroup;
			children = (
				AC73EC9F2315A772006783C0 /* Model */,
				AC73EC9E2315A76B006783C0 /* View */,
			);
			path = GlobalEntities;
			sourceTree = "<group>";
		};
		AC73EC9A2315A63F006783C0 /* View+Controller */ = {
			isa = PBXGroup;
			children = (
				AC73EC9023159F84006783C0 /* MainVC.swift */,
				AC73EC9223159FD3006783C0 /* MainTableViewDelegate.swift */,
				AC73EC942315A099006783C0 /* DailyForecastCell.swift */,
			);
			path = "View+Controller";
			sourceTree = "<group>";
		};
		AC73EC9B2315A651006783C0 /* Model */ = {
			isa = PBXGroup;
			children = (
				AC73EC9C2315A660006783C0 /* MainModel.swift */,
			);
			path = Model;
			sourceTree = "<group>";
		};
		AC73EC9E2315A76B006783C0 /* View */ = {
			isa = PBXGroup;
			children = (
				AC73EC982315A150006783C0 /* Colors.swift */,
			);
			path = View;
			sourceTree = "<group>";
		};
		AC73EC9F2315A772006783C0 /* Model */ = {
			isa = PBXGroup;
			children = (
				AC73ECA02315A77D006783C0 /* Forecast.swift */,
				AC73ECA22315A8A3006783C0 /* ForecastService.swift */,
				AC73ECA42315AC55006783C0 /* ForecastTimes.swift */,
				ACDC97E7231C722900E80ACA /* NotificationNames.swift */,
			);
			path = Model;
			sourceTree = "<group>";
		};
		ACDC97E2231C599A00E80ACA /* ForecastVC */ = {
			isa = PBXGroup;
			children = (
				ACDC97E4231C59B300E80ACA /* View+Controller */,
			);
			path = ForecastVC;
			sourceTree = "<group>";
		};
		ACDC97E4231C59B300E80ACA /* View+Controller */ = {
			isa = PBXGroup;
			children = (
				ACDC97E5231C59CC00E80ACA /* ForecastVC.swift */,
			);
			path = "View+Controller";
			sourceTree = "<group>";
		};
/* End PBXGroup section */

/* Begin PBXNativeTarget section */
		AC73EC7623159C28006783C0 /* Prognozist */ = {
			isa = PBXNativeTarget;
			buildConfigurationList = AC73EC8C23159C2A006783C0 /* Build configuration list for PBXNativeTarget "Prognozist" */;
			buildPhases = (
				AC73EC7323159C28006783C0 /* Sources */,
				AC73EC7423159C28006783C0 /* Frameworks */,
				AC73EC7523159C28006783C0 /* Resources */,
			);
			buildRules = (
			);
			dependencies = (
			);
			name = Prognozist;
			productName = Prognozist;
			productReference = AC73EC7723159C28006783C0 /* Prognozist.app */;
			productType = "com.apple.product-type.application";
		};
/* End PBXNativeTarget section */

/* Begin PBXProject section */
		AC73EC6F23159C28006783C0 /* Project object */ = {
			isa = PBXProject;
			attributes = {
				LastSwiftUpdateCheck = 1030;
				LastUpgradeCheck = 1030;
				ORGANIZATIONNAME = "Ацамаз Бицоев";
				TargetAttributes = {
					AC73EC7623159C28006783C0 = {
						CreatedOnToolsVersion = 10.3;
					};
				};
			};
			buildConfigurationList = AC73EC7223159C28006783C0 /* Build configuration list for PBXProject "Prognozist" */;
			compatibilityVersion = "Xcode 9.3";
			developmentRegion = en;
			hasScannedForEncodings = 0;
			knownRegions = (
				en,
				Base,
			);
			mainGroup = AC73EC6E23159C28006783C0;
			productRefGroup = AC73EC7823159C28006783C0 /* Products */;
			projectDirPath = "";
			projectRoot = "";
			targets = (
				AC73EC7623159C28006783C0 /* Prognozist */,
			);
		};
/* End PBXProject section */

/* Begin PBXResourcesBuildPhase section */
		AC73EC7523159C28006783C0 /* Resources */ = {
			isa = PBXResourcesBuildPhase;
			buildActionMask = 2147483647;
			files = (
				AC6C3781231CE831003F583E /* SF-Pro-Text-Regular.otf in Resources */,
				AC73EC8823159C2A006783C0 /* LaunchScreen.storyboard in Resources */,
				AC6C3780231CE831003F583E /* SF-Pro-Text-Bold.otf in Resources */,
				ACDC97E1231C511800E80ACA /* Forecast.storyboard in Resources */,
				AC73EC8523159C2A006783C0 /* Assets.xcassets in Resources */,
				AC73EC8023159C28006783C0 /* Main.storyboard in Resources */,
			);
			runOnlyForDeploymentPostprocessing = 0;
		};
/* End PBXResourcesBuildPhase section */

/* Begin PBXSourcesBuildPhase section */
		AC73EC7323159C28006783C0 /* Sources */ = {
			isa = PBXSourcesBuildPhase;
			buildActionMask = 2147483647;
			files = (
				AC73ECA12315A77D006783C0 /* Forecast.swift in Sources */,
				ACDC97E8231C722900E80ACA /* NotificationNames.swift in Sources */,
				AC73ECA32315A8A3006783C0 /* ForecastService.swift in Sources */,
				AC73EC952315A099006783C0 /* DailyForecastCell.swift in Sources */,
				AC73EC992315A150006783C0 /* Colors.swift in Sources */,
				AC73EC8323159C28006783C0 /* Prognozist.xcdatamodeld in Sources */,
				AC73EC9D2315A660006783C0 /* MainModel.swift in Sources */,
				ACDC97E6231C59CC00E80ACA /* ForecastVC.swift in Sources */,
				AC73EC9323159FD3006783C0 /* MainTableViewDelegate.swift in Sources */,
				AC73ECA52315AC55006783C0 /* ForecastTimes.swift in Sources */,
				AC73EC9123159F84006783C0 /* MainVC.swift in Sources */,
				AC73EC7B23159C28006783C0 /* AppDelegate.swift in Sources */,
			);
			runOnlyForDeploymentPostprocessing = 0;
		};
/* End PBXSourcesBuildPhase section */

/* Begin PBXVariantGroup section */
		AC73EC7E23159C28006783C0 /* Main.storyboard */ = {
			isa = PBXVariantGroup;
			children = (
				AC73EC7F23159C28006783C0 /* Base */,
			);
			name = Main.storyboard;
			sourceTree = "<group>";
		};
		AC73EC8623159C2A006783C0 /* LaunchScreen.storyboard */ = {
			isa = PBXVariantGroup;
			children = (
				AC73EC8723159C2A006783C0 /* Base */,
			);
			name = LaunchScreen.storyboard;
			sourceTree = "<group>";
		};
/* End PBXVariantGroup section */

/* Begin XCBuildConfiguration section */
		AC73EC8A23159C2A006783C0 /* Debug */ = {
			isa = XCBuildConfiguration;
			buildSettings = {
				ALWAYS_SEARCH_USER_PATHS = NO;
				CLANG_ANALYZER_NONNULL = YES;
				CLANG_ANALYZER_NUMBER_OBJECT_CONVERSION = YES_AGGRESSIVE;
				CLANG_CXX_LANGUAGE_STANDARD = "gnu++14";
				CLANG_CXX_LIBRARY = "libc++";
				CLANG_ENABLE_MODULES = YES;
				CLANG_ENABLE_OBJC_ARC = YES;
				CLANG_ENABLE_OBJC_WEAK = YES;
				CLANG_WARN_BLOCK_CAPTURE_AUTORELEASING = YES;
				CLANG_WARN_BOOL_CONVERSION = YES;
				CLANG_WARN_COMMA = YES;
				CLANG_WARN_CONSTANT_CONVERSION = YES;
				CLANG_WARN_DEPRECATED_OBJC_IMPLEMENTATIONS = YES;
				CLANG_WARN_DIRECT_OBJC_ISA_USAGE = YES_ERROR;
				CLANG_WARN_DOCUMENTATION_COMMENTS = YES;
				CLANG_WARN_EMPTY_BODY = YES;
				CLANG_WARN_ENUM_CONVERSION = YES;
				CLANG_WARN_INFINITE_RECURSION = YES;
				CLANG_WARN_INT_CONVERSION = YES;
				CLANG_WARN_NON_LITERAL_NULL_CONVERSION = YES;
				CLANG_WARN_OBJC_IMPLICIT_RETAIN_SELF = YES;
				CLANG_WARN_OBJC_LITERAL_CONVERSION = YES;
				CLANG_WARN_OBJC_ROOT_CLASS = YES_ERROR;
				CLANG_WARN_RANGE_LOOP_ANALYSIS = YES;
				CLANG_WARN_STRICT_PROTOTYPES = YES;
				CLANG_WARN_SUSPICIOUS_MOVE = YES;
				CLANG_WARN_UNGUARDED_AVAILABILITY = YES_AGGRESSIVE;
				CLANG_WARN_UNREACHABLE_CODE = YES;
				CLANG_WARN__DUPLICATE_METHOD_MATCH = YES;
				CODE_SIGN_IDENTITY = "iPhone Developer";
				COPY_PHASE_STRIP = NO;
				DEBUG_INFORMATION_FORMAT = dwarf;
				ENABLE_STRICT_OBJC_MSGSEND = YES;
				ENABLE_TESTABILITY = YES;
				GCC_C_LANGUAGE_STANDARD = gnu11;
				GCC_DYNAMIC_NO_PIC = NO;
				GCC_NO_COMMON_BLOCKS = YES;
				GCC_OPTIMIZATION_LEVEL = 0;
				GCC_PREPROCESSOR_DEFINITIONS = (
					"DEBUG=1",
					"$(inherited)",
				);
				GCC_WARN_64_TO_32_BIT_CONVERSION = YES;
				GCC_WARN_ABOUT_RETURN_TYPE = YES_ERROR;
				GCC_WARN_UNDECLARED_SELECTOR = YES;
				GCC_WARN_UNINITIALIZED_AUTOS = YES_AGGRESSIVE;
				GCC_WARN_UNUSED_FUNCTION = YES;
				GCC_WARN_UNUSED_VARIABLE = YES;
				IPHONEOS_DEPLOYMENT_TARGET = 12.4;
				MTL_ENABLE_DEBUG_INFO = INCLUDE_SOURCE;
				MTL_FAST_MATH = YES;
				ONLY_ACTIVE_ARCH = YES;
				SDKROOT = iphoneos;
				SWIFT_ACTIVE_COMPILATION_CONDITIONS = DEBUG;
				SWIFT_OPTIMIZATION_LEVEL = "-Onone";
			};
			name = Debug;
		};
		AC73EC8B23159C2A006783C0 /* Release */ = {
			isa = XCBuildConfiguration;
			buildSettings = {
				ALWAYS_SEARCH_USER_PATHS = NO;
				CLANG_ANALYZER_NONNULL = YES;
				CLANG_ANALYZER_NUMBER_OBJECT_CONVERSION = YES_AGGRESSIVE;
				CLANG_CXX_LANGUAGE_STANDARD = "gnu++14";
				CLANG_CXX_LIBRARY = "libc++";
				CLANG_ENABLE_MODULES = YES;
				CLANG_ENABLE_OBJC_ARC = YES;
				CLANG_ENABLE_OBJC_WEAK = YES;
				CLANG_WARN_BLOCK_CAPTURE_AUTORELEASING = YES;
				CLANG_WARN_BOOL_CONVERSION = YES;
				CLANG_WARN_COMMA = YES;
				CLANG_WARN_CONSTANT_CONVERSION = YES;
				CLANG_WARN_DEPRECATED_OBJC_IMPLEMENTATIONS = YES;
				CLANG_WARN_DIRECT_OBJC_ISA_USAGE = YES_ERROR;
				CLANG_WARN_DOCUMENTATION_COMMENTS = YES;
				CLANG_WARN_EMPTY_BODY = YES;
				CLANG_WARN_ENUM_CONVERSION = YES;
				CLANG_WARN_INFINITE_RECURSION = YES;
				CLANG_WARN_INT_CONVERSION = YES;
				CLANG_WARN_NON_LITERAL_NULL_CONVERSION = YES;
				CLANG_WARN_OBJC_IMPLICIT_RETAIN_SELF = YES;
				CLANG_WARN_OBJC_LITERAL_CONVERSION = YES;
				CLANG_WARN_OBJC_ROOT_CLASS = YES_ERROR;
				CLANG_WARN_RANGE_LOOP_ANALYSIS = YES;
				CLANG_WARN_STRICT_PROTOTYPES = YES;
				CLANG_WARN_SUSPICIOUS_MOVE = YES;
				CLANG_WARN_UNGUARDED_AVAILABILITY = YES_AGGRESSIVE;
				CLANG_WARN_UNREACHABLE_CODE = YES;
				CLANG_WARN__DUPLICATE_METHOD_MATCH = YES;
				CODE_SIGN_IDENTITY = "iPhone Developer";
				COPY_PHASE_STRIP = NO;
				DEBUG_INFORMATION_FORMAT = "dwarf-with-dsym";
				ENABLE_NS_ASSERTIONS = NO;
				ENABLE_STRICT_OBJC_MSGSEND = YES;
				GCC_C_LANGUAGE_STANDARD = gnu11;
				GCC_NO_COMMON_BLOCKS = YES;
				GCC_WARN_64_TO_32_BIT_CONVERSION = YES;
				GCC_WARN_ABOUT_RETURN_TYPE = YES_ERROR;
				GCC_WARN_UNDECLARED_SELECTOR = YES;
				GCC_WARN_UNINITIALIZED_AUTOS = YES_AGGRESSIVE;
				GCC_WARN_UNUSED_FUNCTION = YES;
				GCC_WARN_UNUSED_VARIABLE = YES;
				IPHONEOS_DEPLOYMENT_TARGET = 12.4;
				MTL_ENABLE_DEBUG_INFO = NO;
				MTL_FAST_MATH = YES;
				SDKROOT = iphoneos;
				SWIFT_COMPILATION_MODE = wholemodule;
				SWIFT_OPTIMIZATION_LEVEL = "-O";
				VALIDATE_PRODUCT = YES;
			};
			name = Release;
		};
		AC73EC8D23159C2A006783C0 /* Debug */ = {
			isa = XCBuildConfiguration;
			buildSettings = {
				ASSETCATALOG_COMPILER_APPICON_NAME = AppIcon;
				CODE_SIGN_STYLE = Automatic;
				DEVELOPMENT_TEAM = 89WB9E7UEU;
				INFOPLIST_FILE = Prognozist/Info.plist;
				IPHONEOS_DEPLOYMENT_TARGET = 10.0;
				LD_RUNPATH_SEARCH_PATHS = (
					"$(inherited)",
					"@executable_path/Frameworks",
				);
				PRODUCT_BUNDLE_IDENTIFIER = a.s.bitsoev.Prognozist;
				PRODUCT_NAME = "$(TARGET_NAME)";
				SWIFT_VERSION = 5.0;
				TARGETED_DEVICE_FAMILY = 1;
			};
			name = Debug;
		};
		AC73EC8E23159C2A006783C0 /* Release */ = {
			isa = XCBuildConfiguration;
			buildSettings = {
				ASSETCATALOG_COMPILER_APPICON_NAME = AppIcon;
				CODE_SIGN_STYLE = Automatic;
				DEVELOPMENT_TEAM = 89WB9E7UEU;
				INFOPLIST_FILE = Prognozist/Info.plist;
				IPHONEOS_DEPLOYMENT_TARGET = 10.0;
				LD_RUNPATH_SEARCH_PATHS = (
					"$(inherited)",
					"@executable_path/Frameworks",
				);
				PRODUCT_BUNDLE_IDENTIFIER = a.s.bitsoev.Prognozist;
				PRODUCT_NAME = "$(TARGET_NAME)";
				SWIFT_VERSION = 5.0;
				TARGETED_DEVICE_FAMILY = 1;
			};
			name = Release;
		};
/* End XCBuildConfiguration section */

/* Begin XCConfigurationList section */
		AC73EC7223159C28006783C0 /* Build configuration list for PBXProject "Prognozist" */ = {
			isa = XCConfigurationList;
			buildConfigurations = (
				AC73EC8A23159C2A006783C0 /* Debug */,
				AC73EC8B23159C2A006783C0 /* Release */,
			);
			defaultConfigurationIsVisible = 0;
			defaultConfigurationName = Release;
		};
		AC73EC8C23159C2A006783C0 /* Build configuration list for PBXNativeTarget "Prognozist" */ = {
			isa = XCConfigurationList;
			buildConfigurations = (
				AC73EC8D23159C2A006783C0 /* Debug */,
				AC73EC8E23159C2A006783C0 /* Release */,
			);
			defaultConfigurationIsVisible = 0;
			defaultConfigurationName = Release;
		};
/* End XCConfigurationList section */

/* Begin XCVersionGroup section */
		AC73EC8123159C28006783C0 /* Prognozist.xcdatamodeld */ = {
			isa = XCVersionGroup;
			children = (
				AC73EC8223159C28006783C0 /* Prognozist.xcdatamodel */,
			);
			currentVersion = AC73EC8223159C28006783C0 /* Prognozist.xcdatamodel */;
			path = Prognozist.xcdatamodeld;
			sourceTree = "<group>";
			versionGroupType = wrapper.xcdatamodel;
		};
/* End XCVersionGroup section */
	};
	rootObject = AC73EC6F23159C28006783C0 /* Project object */;
}
